
Microsoft Visual Studio Solution File, Format Version 12.00
# Visual Studio 14
VisualStudioVersion = 14.0.25420.1
MinimumVisualStudioVersion = 10.0.40219.1
Project("{2150E333-8FDC-42A3-9474-1A3956D46DE8}") = "src", "src", "{19D9651E-7AC7-42E2-8F26-1555E0C108BC}"
EndProject
Project("{2150E333-8FDC-42A3-9474-1A3956D46DE8}") = "Solution Items", "Solution Items", "{75EDF6F8-7BAD-4240-B5B4-05950392FE27}"
	ProjectSection(SolutionItems) = preProject
		global.json = global.json
	EndProjectSection
EndProject
Project("{8BB2217D-0F2D-49D1-97BC-3654ED321F3B}") = "TravelAgencyApplicationNewVersion", "src\TravelAgencyApplicationNewVersion\TravelAgencyApplicationNewVersion.xproj", "{67E020BE-0EDB-4198-BF8F-5916ADAA976E}"
EndProject
Global
	GlobalSection(SolutionConfigurationPlatforms) = preSolution
		Debug|Any CPU = Debug|Any CPU
		Release|Any CPU = Release|Any CPU
	EndGlobalSection
	GlobalSection(ProjectConfigurationPlatforms) = postSolution
		{67E020BE-0EDB-4198-BF8F-5916ADAA976E}.Debug|Any CPU.ActiveCfg = Debug|Any CPU
		{67E020BE-0EDB-4198-BF8F-5916ADAA976E}.Debug|Any CPU.Build.0 = Debug|Any CPU
		{67E020BE-0EDB-4198-BF8F-5916ADAA976E}.Release|Any CPU.ActiveCfg = Release|Any CPU
		{67E020BE-0EDB-4198-BF8F-5916ADAA976E}.Release|Any CPU.Build.0 = Release|Any CPU
	EndGlobalSection
	GlobalSection(SolutionProperties) = preSolution
		HideSolutionNode = FALSE
	EndGlobalSection
	GlobalSection(NestedProjects) = preSolution
		{67E020BE-0EDB-4198-BF8F-5916ADAA976E} = {19D9651E-7AC7-42E2-8F26-1555E0C108BC}
	EndGlobalSection
EndGlobal
